
Microsoft Visual Studio Solution File, Format Version 12.00
# Visual Studio 15
VisualStudioVersion = 15.0.27703.2000
MinimumVisualStudioVersion = 10.0.40219.1
Project("{FAE04EC0-301F-11D3-BF4B-00C04F79EFBC}") = "WorkHours", "WorkHours\WorkHours.csproj", "{020AF241-246F-4391-B073-277B2C91FBAA}"
EndProject
Project("{FAE04EC0-301F-11D3-BF4B-00C04F79EFBC}") = "WorkHours.BL", "WorkHours.BL\WorkHours.BL.csproj", "{FEB050DA-8B7D-4BCB-9F7C-1D28BA87569A}"
EndProject
Global
	GlobalSection(SolutionConfigurationPlatforms) = preSolution
		Debug|Any CPU = Debug|Any CPU
		Release|Any CPU = Release|Any CPU
	EndGlobalSection
	GlobalSection(ProjectConfigurationPlatforms) = postSolution
		{020AF241-246F-4391-B073-277B2C91FBAA}.Debug|Any CPU.ActiveCfg = Debug|Any CPU
		{020AF241-246F-4391-B073-277B2C91FBAA}.Debug|Any CPU.Build.0 = Debug|Any CPU
		{020AF241-246F-4391-B073-277B2C91FBAA}.Release|Any CPU.ActiveCfg = Release|Any CPU
		{020AF241-246F-4391-B073-277B2C91FBAA}.Release|Any CPU.Build.0 = Release|Any CPU
		{FEB050DA-8B7D-4BCB-9F7C-1D28BA87569A}.Debug|Any CPU.ActiveCfg = Debug|Any CPU
		{FEB050DA-8B7D-4BCB-9F7C-1D28BA87569A}.Debug|Any CPU.Build.0 = Debug|Any CPU
		{FEB050DA-8B7D-4BCB-9F7C-1D28BA87569A}.Release|Any CPU.ActiveCfg = Release|Any CPU
		{FEB050DA-8B7D-4BCB-9F7C-1D28BA87569A}.Release|Any CPU.Build.0 = Release|Any CPU
	EndGlobalSection
	GlobalSection(SolutionProperties) = preSolution
		HideSolutionNode = FALSE
	EndGlobalSection
	GlobalSection(ExtensibilityGlobals) = postSolution
		SolutionGuid = {C22423E4-E747-4F3C-9844-B57AB029D8C3}
	EndGlobalSection
EndGlobal
